// !$*UTF8*$!
{
	archiveVersion = 1;
	classes = {
	};
	objectVersion = 56;
	objects = {

/* Begin PBXBuildFile section */
		14CCD39C2BF2417C009DC57F /* AppDelegate.swift in Sources */ = {isa = PBXBuildFile; fileRef = 14CCD39B2BF2417C009DC57F /* AppDelegate.swift */; };
		14CCD39E2BF2417C009DC57F /* SceneDelegate.swift in Sources */ = {isa = PBXBuildFile; fileRef = 14CCD39D2BF2417C009DC57F /* SceneDelegate.swift */; };
		14CCD3A02BF2417C009DC57F /* ViewController.swift in Sources */ = {isa = PBXBuildFile; fileRef = 14CCD39F2BF2417C009DC57F /* ViewController.swift */; };
		14CCD3A52BF2417D009DC57F /* Assets.xcassets in Resources */ = {isa = PBXBuildFile; fileRef = 14CCD3A42BF2417D009DC57F /* Assets.xcassets */; };
		14CCD3A82BF2417D009DC57F /* Base in Resources */ = {isa = PBXBuildFile; fileRef = 14CCD3A72BF2417D009DC57F /* Base */; };
		14CCD3B82BF24AC6009DC57F /* ModelTest.swift in Sources */ = {isa = PBXBuildFile; fileRef = 14CCD3B72BF24AC6009DC57F /* ModelTest.swift */; };
		14CCD3C52BF24AE2009DC57F /* BornLogicUITests.swift in Sources */ = {isa = PBXBuildFile; fileRef = 14CCD3C42BF24AE2009DC57F /* BornLogicUITests.swift */; };
		14CCD3C72BF24AE2009DC57F /* BornLogicUITestsLaunchTests.swift in Sources */ = {isa = PBXBuildFile; fileRef = 14CCD3C62BF24AE2009DC57F /* BornLogicUITestsLaunchTests.swift */; };
		14CCD3CF2BF25198009DC57F /* Article.swift in Sources */ = {isa = PBXBuildFile; fileRef = 14CCD3CE2BF25198009DC57F /* Article.swift */; };
		14CCD3F22BF29B19009DC57F /* NetworkManager.swift in Sources */ = {isa = PBXBuildFile; fileRef = 14CCD3F12BF29B19009DC57F /* NetworkManager.swift */; };
		14CCD3F52BF29C4B009DC57F /* Constants.swift in Sources */ = {isa = PBXBuildFile; fileRef = 14CCD3F42BF29C4B009DC57F /* Constants.swift */; };
		14CCD3F72BF29CED009DC57F /* ResponseViewModel.swift in Sources */ = {isa = PBXBuildFile; fileRef = 14CCD3F62BF29CED009DC57F /* ResponseViewModel.swift */; };
		14CCD3F92BF29DB1009DC57F /* Extension+Image.swift in Sources */ = {isa = PBXBuildFile; fileRef = 14CCD3F82BF29DB1009DC57F /* Extension+Image.swift */; };
		14CCD3FB2BF2A3BA009DC57F /* NetworkManagerTest.swift in Sources */ = {isa = PBXBuildFile; fileRef = 14CCD3FA2BF2A3BA009DC57F /* NetworkManagerTest.swift */; };
		14CCD3FD2BF2A68F009DC57F /* ViewModelTest.swift in Sources */ = {isa = PBXBuildFile; fileRef = 14CCD3FC2BF2A68F009DC57F /* ViewModelTest.swift */; };
/* End PBXBuildFile section */

/* Begin PBXContainerItemProxy section */
		14CCD3B92BF24AC6009DC57F /* PBXContainerItemProxy */ = {
			isa = PBXContainerItemProxy;
			containerPortal = 14CCD3902BF2417C009DC57F /* Project object */;
			proxyType = 1;
			remoteGlobalIDString = 14CCD3972BF2417C009DC57F;
			remoteInfo = BornLogic;
		};
		14CCD3C82BF24AE2009DC57F /* PBXContainerItemProxy */ = {
			isa = PBXContainerItemProxy;
			containerPortal = 14CCD3902BF2417C009DC57F /* Project object */;
			proxyType = 1;
			remoteGlobalIDString = 14CCD3972BF2417C009DC57F;
			remoteInfo = BornLogic;
		};
/* End PBXContainerItemProxy section */

/* Begin PBXFileReference section */
		14CCD3982BF2417C009DC57F /* BornLogic.app */ = {isa = PBXFileReference; explicitFileType = wrapper.application; includeInIndex = 0; path = BornLogic.app; sourceTree = BUILT_PRODUCTS_DIR; };
		14CCD39B2BF2417C009DC57F /* AppDelegate.swift */ = {isa = PBXFileReference; lastKnownFileType = sourcecode.swift; path = AppDelegate.swift; sourceTree = "<group>"; };
		14CCD39D2BF2417C009DC57F /* SceneDelegate.swift */ = {isa = PBXFileReference; lastKnownFileType = sourcecode.swift; path = SceneDelegate.swift; sourceTree = "<group>"; };
		14CCD39F2BF2417C009DC57F /* ViewController.swift */ = {isa = PBXFileReference; lastKnownFileType = sourcecode.swift; path = ViewController.swift; sourceTree = "<group>"; };
		14CCD3A42BF2417D009DC57F /* Assets.xcassets */ = {isa = PBXFileReference; lastKnownFileType = folder.assetcatalog; path = Assets.xcassets; sourceTree = "<group>"; };
		14CCD3A72BF2417D009DC57F /* Base */ = {isa = PBXFileReference; lastKnownFileType = file.storyboard; name = Base; path = Base.lproj/LaunchScreen.storyboard; sourceTree = "<group>"; };
		14CCD3A92BF2417D009DC57F /* Info.plist */ = {isa = PBXFileReference; lastKnownFileType = text.plist.xml; path = Info.plist; sourceTree = "<group>"; };
		14CCD3B52BF24AC6009DC57F /* BornLogicTests.xctest */ = {isa = PBXFileReference; explicitFileType = wrapper.cfbundle; includeInIndex = 0; path = BornLogicTests.xctest; sourceTree = BUILT_PRODUCTS_DIR; };
		14CCD3B72BF24AC6009DC57F /* ModelTest.swift */ = {isa = PBXFileReference; lastKnownFileType = sourcecode.swift; path = ModelTest.swift; sourceTree = "<group>"; };
		14CCD3C22BF24AE2009DC57F /* BornLogicUITests.xctest */ = {isa = PBXFileReference; explicitFileType = wrapper.cfbundle; includeInIndex = 0; path = BornLogicUITests.xctest; sourceTree = BUILT_PRODUCTS_DIR; };
		14CCD3C42BF24AE2009DC57F /* BornLogicUITests.swift */ = {isa = PBXFileReference; lastKnownFileType = sourcecode.swift; path = BornLogicUITests.swift; sourceTree = "<group>"; };
		14CCD3C62BF24AE2009DC57F /* BornLogicUITestsLaunchTests.swift */ = {isa = PBXFileReference; lastKnownFileType = sourcecode.swift; path = BornLogicUITestsLaunchTests.swift; sourceTree = "<group>"; };
		14CCD3CE2BF25198009DC57F /* Article.swift */ = {isa = PBXFileReference; lastKnownFileType = sourcecode.swift; path = Article.swift; sourceTree = "<group>"; };
		14CCD3F12BF29B19009DC57F /* NetworkManager.swift */ = {isa = PBXFileReference; lastKnownFileType = sourcecode.swift; path = NetworkManager.swift; sourceTree = "<group>"; };
		14CCD3F42BF29C4B009DC57F /* Constants.swift */ = {isa = PBXFileReference; lastKnownFileType = sourcecode.swift; path = Constants.swift; sourceTree = "<group>"; };
		14CCD3F62BF29CED009DC57F /* ResponseViewModel.swift */ = {isa = PBXFileReference; lastKnownFileType = sourcecode.swift; path = ResponseViewModel.swift; sourceTree = "<group>"; };
		14CCD3F82BF29DB1009DC57F /* Extension+Image.swift */ = {isa = PBXFileReference; lastKnownFileType = sourcecode.swift; path = "Extension+Image.swift"; sourceTree = "<group>"; };
		14CCD3FA2BF2A3BA009DC57F /* NetworkManagerTest.swift */ = {isa = PBXFileReference; lastKnownFileType = sourcecode.swift; path = NetworkManagerTest.swift; sourceTree = "<group>"; };
		14CCD3FC2BF2A68F009DC57F /* ViewModelTest.swift */ = {isa = PBXFileReference; lastKnownFileType = sourcecode.swift; path = ViewModelTest.swift; sourceTree = "<group>"; };
/* End PBXFileReference section */

/* Begin PBXFrameworksBuildPhase section */
		14CCD3952BF2417C009DC57F /* Frameworks */ = {
			isa = PBXFrameworksBuildPhase;
			buildActionMask = 2147483647;
			files = (
			);
			runOnlyForDeploymentPostprocessing = 0;
		};
		14CCD3B22BF24AC6009DC57F /* Frameworks */ = {
			isa = PBXFrameworksBuildPhase;
			buildActionMask = 2147483647;
			files = (
			);
			runOnlyForDeploymentPostprocessing = 0;
		};
		14CCD3BF2BF24AE2009DC57F /* Frameworks */ = {
			isa = PBXFrameworksBuildPhase;
			buildActionMask = 2147483647;
			files = (
			);
			runOnlyForDeploymentPostprocessing = 0;
		};
/* End PBXFrameworksBuildPhase section */

/* Begin PBXGroup section */
		14CCD38F2BF2417C009DC57F = {
			isa = PBXGroup;
			children = (
				14CCD39A2BF2417C009DC57F /* BornLogic */,
				14CCD3B62BF24AC6009DC57F /* BornLogicTests */,
				14CCD3C32BF24AE2009DC57F /* BornLogicUITests */,
				14CCD3992BF2417C009DC57F /* Products */,
			);
			sourceTree = "<group>";
		};
		14CCD3992BF2417C009DC57F /* Products */ = {
			isa = PBXGroup;
			children = (
				14CCD3982BF2417C009DC57F /* BornLogic.app */,
				14CCD3B52BF24AC6009DC57F /* BornLogicTests.xctest */,
				14CCD3C22BF24AE2009DC57F /* BornLogicUITests.xctest */,
			);
			name = Products;
			sourceTree = "<group>";
		};
		14CCD39A2BF2417C009DC57F /* BornLogic */ = {
			isa = PBXGroup;
			children = (
				14CCD39B2BF2417C009DC57F /* AppDelegate.swift */,
				14CCD39D2BF2417C009DC57F /* SceneDelegate.swift */,
				14CCD39F2BF2417C009DC57F /* ViewController.swift */,
				14CCD3F32BF29C17009DC57F /* Utils */,
				14CCD3E12BF27787009DC57F /* ViewModel */,
				14CCD3D02BF2545D009DC57F /* Network */,
				14CCD3CD2BF2514D009DC57F /* Model */,
				14CCD3A42BF2417D009DC57F /* Assets.xcassets */,
				14CCD3A62BF2417D009DC57F /* LaunchScreen.storyboard */,
				14CCD3A92BF2417D009DC57F /* Info.plist */,
			);
			path = BornLogic;
			sourceTree = "<group>";
		};
		14CCD3B62BF24AC6009DC57F /* BornLogicTests */ = {
			isa = PBXGroup;
			children = (
				14CCD3B72BF24AC6009DC57F /* ModelTest.swift */,
				14CCD3FA2BF2A3BA009DC57F /* NetworkManagerTest.swift */,
				14CCD3FC2BF2A68F009DC57F /* ViewModelTest.swift */,
			);
			path = BornLogicTests;
			sourceTree = "<group>";
		};
		14CCD3C32BF24AE2009DC57F /* BornLogicUITests */ = {
			isa = PBXGroup;
			children = (
				14CCD3C42BF24AE2009DC57F /* BornLogicUITests.swift */,
				14CCD3C62BF24AE2009DC57F /* BornLogicUITestsLaunchTests.swift */,
			);
			path = BornLogicUITests;
			sourceTree = "<group>";
		};
		14CCD3CD2BF2514D009DC57F /* Model */ = {
			isa = PBXGroup;
			children = (
				14CCD3CE2BF25198009DC57F /* Article.swift */,
			);
			path = Model;
			sourceTree = "<group>";
		};
		14CCD3D02BF2545D009DC57F /* Network */ = {
			isa = PBXGroup;
			children = (
				14CCD3F12BF29B19009DC57F /* NetworkManager.swift */,
			);
			path = Network;
			sourceTree = "<group>";
		};
		14CCD3E12BF27787009DC57F /* ViewModel */ = {
			isa = PBXGroup;
			children = (
				14CCD3F62BF29CED009DC57F /* ResponseViewModel.swift */,
			);
			path = ViewModel;
			sourceTree = "<group>";
		};
		14CCD3F32BF29C17009DC57F /* Utils */ = {
			isa = PBXGroup;
			children = (
				14CCD3F42BF29C4B009DC57F /* Constants.swift */,
				14CCD3F82BF29DB1009DC57F /* Extension+Image.swift */,
			);
			path = Utils;
			sourceTree = "<group>";
		};
/* End PBXGroup section */

/* Begin PBXNativeTarget section */
		14CCD3972BF2417C009DC57F /* BornLogic */ = {
			isa = PBXNativeTarget;
			buildConfigurationList = 14CCD3AC2BF2417D009DC57F /* Build configuration list for PBXNativeTarget "BornLogic" */;
			buildPhases = (
				14CCD3942BF2417C009DC57F /* Sources */,
				14CCD3952BF2417C009DC57F /* Frameworks */,
				14CCD3962BF2417C009DC57F /* Resources */,
			);
			buildRules = (
			);
			dependencies = (
			);
			name = BornLogic;
			productName = BornLogic;
			productReference = 14CCD3982BF2417C009DC57F /* BornLogic.app */;
			productType = "com.apple.product-type.application";
		};
		14CCD3B42BF24AC6009DC57F /* BornLogicTests */ = {
			isa = PBXNativeTarget;
			buildConfigurationList = 14CCD3BB2BF24AC6009DC57F /* Build configuration list for PBXNativeTarget "BornLogicTests" */;
			buildPhases = (
				14CCD3B12BF24AC6009DC57F /* Sources */,
				14CCD3B22BF24AC6009DC57F /* Frameworks */,
				14CCD3B32BF24AC6009DC57F /* Resources */,
			);
			buildRules = (
			);
			dependencies = (
				14CCD3BA2BF24AC6009DC57F /* PBXTargetDependency */,
			);
			name = BornLogicTests;
			productName = BornLogicTests;
			productReference = 14CCD3B52BF24AC6009DC57F /* BornLogicTests.xctest */;
			productType = "com.apple.product-type.bundle.unit-test";
		};
		14CCD3C12BF24AE2009DC57F /* BornLogicUITests */ = {
			isa = PBXNativeTarget;
			buildConfigurationList = 14CCD3CA2BF24AE2009DC57F /* Build configuration list for PBXNativeTarget "BornLogicUITests" */;
			buildPhases = (
				14CCD3BE2BF24AE2009DC57F /* Sources */,
				14CCD3BF2BF24AE2009DC57F /* Frameworks */,
				14CCD3C02BF24AE2009DC57F /* Resources */,
			);
			buildRules = (
			);
			dependencies = (
				14CCD3C92BF24AE2009DC57F /* PBXTargetDependency */,
			);
			name = BornLogicUITests;
			productName = BornLogicUITests;
			productReference = 14CCD3C22BF24AE2009DC57F /* BornLogicUITests.xctest */;
			productType = "com.apple.product-type.bundle.ui-testing";
		};
/* End PBXNativeTarget section */

/* Begin PBXProject section */
		14CCD3902BF2417C009DC57F /* Project object */ = {
			isa = PBXProject;
			attributes = {
				BuildIndependentTargetsInParallel = 1;
				LastSwiftUpdateCheck = 1530;
				LastUpgradeCheck = 1530;
				TargetAttributes = {
					14CCD3972BF2417C009DC57F = {
						CreatedOnToolsVersion = 15.3;
					};
					14CCD3B42BF24AC6009DC57F = {
						CreatedOnToolsVersion = 15.3;
						TestTargetID = 14CCD3972BF2417C009DC57F;
					};
					14CCD3C12BF24AE2009DC57F = {
						CreatedOnToolsVersion = 15.3;
						TestTargetID = 14CCD3972BF2417C009DC57F;
					};
				};
			};
			buildConfigurationList = 14CCD3932BF2417C009DC57F /* Build configuration list for PBXProject "BornLogic" */;
			compatibilityVersion = "Xcode 14.0";
			developmentRegion = en;
			hasScannedForEncodings = 0;
			knownRegions = (
				en,
				Base,
			);
			mainGroup = 14CCD38F2BF2417C009DC57F;
			productRefGroup = 14CCD3992BF2417C009DC57F /* Products */;
			projectDirPath = "";
			projectRoot = "";
			targets = (
				14CCD3972BF2417C009DC57F /* BornLogic */,
				14CCD3B42BF24AC6009DC57F /* BornLogicTests */,
				14CCD3C12BF24AE2009DC57F /* BornLogicUITests */,
			);
		};
/* End PBXProject section */

/* Begin PBXResourcesBuildPhase section */
		14CCD3962BF2417C009DC57F /* Resources */ = {
			isa = PBXResourcesBuildPhase;
			buildActionMask = 2147483647;
			files = (
				14CCD3A52BF2417D009DC57F /* Assets.xcassets in Resources */,
				14CCD3A82BF2417D009DC57F /* Base in Resources */,
			);
			runOnlyForDeploymentPostprocessing = 0;
		};
		14CCD3B32BF24AC6009DC57F /* Resources */ = {
			isa = PBXResourcesBuildPhase;
			buildActionMask = 2147483647;
			files = (
			);
			runOnlyForDeploymentPostprocessing = 0;
		};
		14CCD3C02BF24AE2009DC57F /* Resources */ = {
			isa = PBXResourcesBuildPhase;
			buildActionMask = 2147483647;
			files = (
			);
			runOnlyForDeploymentPostprocessing = 0;
		};
/* End PBXResourcesBuildPhase section */

/* Begin PBXSourcesBuildPhase section */
		14CCD3942BF2417C009DC57F /* Sources */ = {
			isa = PBXSourcesBuildPhase;
			buildActionMask = 2147483647;
			files = (
				14CCD3A02BF2417C009DC57F /* ViewController.swift in Sources */,
				14CCD39C2BF2417C009DC57F /* AppDelegate.swift in Sources */,
				14CCD3F22BF29B19009DC57F /* NetworkManager.swift in Sources */,
				14CCD3F92BF29DB1009DC57F /* Extension+Image.swift in Sources */,
				14CCD3F52BF29C4B009DC57F /* Constants.swift in Sources */,
				14CCD3F72BF29CED009DC57F /* ResponseViewModel.swift in Sources */,
				14CCD39E2BF2417C009DC57F /* SceneDelegate.swift in Sources */,
				14CCD3CF2BF25198009DC57F /* Article.swift in Sources */,
			);
			runOnlyForDeploymentPostprocessing = 0;
		};
		14CCD3B12BF24AC6009DC57F /* Sources */ = {
			isa = PBXSourcesBuildPhase;
			buildActionMask = 2147483647;
			files = (
				14CCD3FD2BF2A68F009DC57F /* ViewModelTest.swift in Sources */,
				14CCD3FB2BF2A3BA009DC57F /* NetworkManagerTest.swift in Sources */,
				14CCD3B82BF24AC6009DC57F /* ModelTest.swift in Sources */,
			);
			runOnlyForDeploymentPostprocessing = 0;
		};
		14CCD3BE2BF24AE2009DC57F /* Sources */ = {
			isa = PBXSourcesBuildPhase;
			buildActionMask = 2147483647;
			files = (
				14CCD3C72BF24AE2009DC57F /* BornLogicUITestsLaunchTests.swift in Sources */,
				14CCD3C52BF24AE2009DC57F /* BornLogicUITests.swift in Sources */,
			);
			runOnlyForDeploymentPostprocessing = 0;
		};
/* End PBXSourcesBuildPhase section */

/* Begin PBXTargetDependency section */
		14CCD3BA2BF24AC6009DC57F /* PBXTargetDependency */ = {
			isa = PBXTargetDependency;
			target = 14CCD3972BF2417C009DC57F /* BornLogic */;
			targetProxy = 14CCD3B92BF24AC6009DC57F /* PBXContainerItemProxy */;
		};
		14CCD3C92BF24AE2009DC57F /* PBXTargetDependency */ = {
			isa = PBXTargetDependency;
			target = 14CCD3972BF2417C009DC57F /* BornLogic */;
			targetProxy = 14CCD3C82BF24AE2009DC57F /* PBXContainerItemProxy */;
		};
/* End PBXTargetDependency section */

/* Begin PBXVariantGroup section */
		14CCD3A62BF2417D009DC57F /* LaunchScreen.storyboard */ = {
			isa = PBXVariantGroup;
			children = (
				14CCD3A72BF2417D009DC57F /* Base */,
			);
			name = LaunchScreen.storyboard;
			sourceTree = "<group>";
		};
/* End PBXVariantGroup section */

/* Begin XCBuildConfiguration section */
		14CCD3AA2BF2417D009DC57F /* Debug */ = {
			isa = XCBuildConfiguration;
			buildSettings = {
				ALWAYS_SEARCH_USER_PATHS = NO;
				ASSETCATALOG_COMPILER_GENERATE_SWIFT_ASSET_SYMBOL_EXTENSIONS = YES;
				CLANG_ANALYZER_NONNULL = YES;
				CLANG_ANALYZER_NUMBER_OBJECT_CONVERSION = YES_AGGRESSIVE;
				CLANG_CXX_LANGUAGE_STANDARD = "gnu++20";
				CLANG_ENABLE_MODULES = YES;
				CLANG_ENABLE_OBJC_ARC = YES;
				CLANG_ENABLE_OBJC_WEAK = YES;
				CLANG_WARN_BLOCK_CAPTURE_AUTORELEASING = YES;
				CLANG_WARN_BOOL_CONVERSION = YES;
				CLANG_WARN_COMMA = YES;
				CLANG_WARN_CONSTANT_CONVERSION = YES;
				CLANG_WARN_DEPRECATED_OBJC_IMPLEMENTATIONS = YES;
				CLANG_WARN_DIRECT_OBJC_ISA_USAGE = YES_ERROR;
				CLANG_WARN_DOCUMENTATION_COMMENTS = YES;
				CLANG_WARN_EMPTY_BODY = YES;
				CLANG_WARN_ENUM_CONVERSION = YES;
				CLANG_WARN_INFINITE_RECURSION = YES;
				CLANG_WARN_INT_CONVERSION = YES;
				CLANG_WARN_NON_LITERAL_NULL_CONVERSION = YES;
				CLANG_WARN_OBJC_IMPLICIT_RETAIN_SELF = YES;
				CLANG_WARN_OBJC_LITERAL_CONVERSION = YES;
				CLANG_WARN_OBJC_ROOT_CLASS = YES_ERROR;
				CLANG_WARN_QUOTED_INCLUDE_IN_FRAMEWORK_HEADER = YES;
				CLANG_WARN_RANGE_LOOP_ANALYSIS = YES;
				CLANG_WARN_STRICT_PROTOTYPES = YES;
				CLANG_WARN_SUSPICIOUS_MOVE = YES;
				CLANG_WARN_UNGUARDED_AVAILABILITY = YES_AGGRESSIVE;
				CLANG_WARN_UNREACHABLE_CODE = YES;
				CLANG_WARN__DUPLICATE_METHOD_MATCH = YES;
				COPY_PHASE_STRIP = NO;
				DEBUG_INFORMATION_FORMAT = dwarf;
				ENABLE_STRICT_OBJC_MSGSEND = YES;
				ENABLE_TESTABILITY = YES;
				ENABLE_USER_SCRIPT_SANDBOXING = YES;
				GCC_C_LANGUAGE_STANDARD = gnu17;
				GCC_DYNAMIC_NO_PIC = NO;
				GCC_NO_COMMON_BLOCKS = YES;
				GCC_OPTIMIZATION_LEVEL = 0;
				GCC_PREPROCESSOR_DEFINITIONS = (
					"DEBUG=1",
					"$(inherited)",
				);
				GCC_WARN_64_TO_32_BIT_CONVERSION = YES;
				GCC_WARN_ABOUT_RETURN_TYPE = YES_ERROR;
				GCC_WARN_UNDECLARED_SELECTOR = YES;
				GCC_WARN_UNINITIALIZED_AUTOS = YES_AGGRESSIVE;
				GCC_WARN_UNUSED_FUNCTION = YES;
				GCC_WARN_UNUSED_VARIABLE = YES;
				IPHONEOS_DEPLOYMENT_TARGET = 17.4;
				LOCALIZATION_PREFERS_STRING_CATALOGS = YES;
				MTL_ENABLE_DEBUG_INFO = INCLUDE_SOURCE;
				MTL_FAST_MATH = YES;
				ONLY_ACTIVE_ARCH = YES;
				SDKROOT = iphoneos;
				SWIFT_ACTIVE_COMPILATION_CONDITIONS = "DEBUG $(inherited)";
				SWIFT_OPTIMIZATION_LEVEL = "-Onone";
			};
			name = Debug;
		};
		14CCD3AB2BF2417D009DC57F /* Release */ = {
			isa = XCBuildConfiguration;
			buildSettings = {
				ALWAYS_SEARCH_USER_PATHS = NO;
				ASSETCATALOG_COMPILER_GENERATE_SWIFT_ASSET_SYMBOL_EXTENSIONS = YES;
				CLANG_ANALYZER_NONNULL = YES;
				CLANG_ANALYZER_NUMBER_OBJECT_CONVERSION = YES_AGGRESSIVE;
				CLANG_CXX_LANGUAGE_STANDARD = "gnu++20";
				CLANG_ENABLE_MODULES = YES;
				CLANG_ENABLE_OBJC_ARC = YES;
				CLANG_ENABLE_OBJC_WEAK = YES;
				CLANG_WARN_BLOCK_CAPTURE_AUTORELEASING = YES;
				CLANG_WARN_BOOL_CONVERSION = YES;
				CLANG_WARN_COMMA = YES;
				CLANG_WARN_CONSTANT_CONVERSION = YES;
				CLANG_WARN_DEPRECATED_OBJC_IMPLEMENTATIONS = YES;
				CLANG_WARN_DIRECT_OBJC_ISA_USAGE = YES_ERROR;
				CLANG_WARN_DOCUMENTATION_COMMENTS = YES;
				CLANG_WARN_EMPTY_BODY = YES;
				CLANG_WARN_ENUM_CONVERSION = YES;
				CLANG_WARN_INFINITE_RECURSION = YES;
				CLANG_WARN_INT_CONVERSION = YES;
				CLANG_WARN_NON_LITERAL_NULL_CONVERSION = YES;
				CLANG_WARN_OBJC_IMPLICIT_RETAIN_SELF = YES;
				CLANG_WARN_OBJC_LITERAL_CONVERSION = YES;
				CLANG_WARN_OBJC_ROOT_CLASS = YES_ERROR;
				CLANG_WARN_QUOTED_INCLUDE_IN_FRAMEWORK_HEADER = YES;
				CLANG_WARN_RANGE_LOOP_ANALYSIS = YES;
				CLANG_WARN_STRICT_PROTOTYPES = YES;
				CLANG_WARN_SUSPICIOUS_MOVE = YES;
				CLANG_WARN_UNGUARDED_AVAILABILITY = YES_AGGRESSIVE;
				CLANG_WARN_UNREACHABLE_CODE = YES;
				CLANG_WARN__DUPLICATE_METHOD_MATCH = YES;
				COPY_PHASE_STRIP = NO;
				DEBUG_INFORMATION_FORMAT = "dwarf-with-dsym";
				ENABLE_NS_ASSERTIONS = NO;
				ENABLE_STRICT_OBJC_MSGSEND = YES;
				ENABLE_USER_SCRIPT_SANDBOXING = YES;
				GCC_C_LANGUAGE_STANDARD = gnu17;
				GCC_NO_COMMON_BLOCKS = YES;
				GCC_WARN_64_TO_32_BIT_CONVERSION = YES;
				GCC_WARN_ABOUT_RETURN_TYPE = YES_ERROR;
				GCC_WARN_UNDECLARED_SELECTOR = YES;
				GCC_WARN_UNINITIALIZED_AUTOS = YES_AGGRESSIVE;
				GCC_WARN_UNUSED_FUNCTION = YES;
				GCC_WARN_UNUSED_VARIABLE = YES;
				IPHONEOS_DEPLOYMENT_TARGET = 17.4;
				LOCALIZATION_PREFERS_STRING_CATALOGS = YES;
				MTL_ENABLE_DEBUG_INFO = NO;
				MTL_FAST_MATH = YES;
				SDKROOT = iphoneos;
				SWIFT_COMPILATION_MODE = wholemodule;
				VALIDATE_PRODUCT = YES;
			};
			name = Release;
		};
		14CCD3AD2BF2417D009DC57F /* Debug */ = {
			isa = XCBuildConfiguration;
			buildSettings = {
				ASSETCATALOG_COMPILER_APPICON_NAME = AppIcon;
				ASSETCATALOG_COMPILER_GLOBAL_ACCENT_COLOR_NAME = AccentColor;
				CODE_SIGN_STYLE = Automatic;
				CURRENT_PROJECT_VERSION = 1;
				DEVELOPMENT_TEAM = 7P3G4Y9CSP;
				GENERATE_INFOPLIST_FILE = YES;
				INFOPLIST_FILE = BornLogic/Info.plist;
				INFOPLIST_KEY_CFBundleDisplayName = BornLogic;
				INFOPLIST_KEY_UIApplicationSupportsIndirectInputEvents = YES;
				INFOPLIST_KEY_UILaunchStoryboardName = LaunchScreen;
				INFOPLIST_KEY_UISupportedInterfaceOrientations_iPad = "UIInterfaceOrientationPortrait UIInterfaceOrientationPortraitUpsideDown UIInterfaceOrientationLandscapeLeft UIInterfaceOrientationLandscapeRight";
				INFOPLIST_KEY_UISupportedInterfaceOrientations_iPhone = "UIInterfaceOrientationPortrait UIInterfaceOrientationLandscapeLeft UIInterfaceOrientationLandscapeRight";
				LD_RUNPATH_SEARCH_PATHS = (
					"$(inherited)",
					"@executable_path/Frameworks",
				);
				MARKETING_VERSION = 1.0;
				PRODUCT_BUNDLE_IDENTIFIER = MarceloDeAraujo.BornLogic;
				PRODUCT_NAME = "$(TARGET_NAME)";
				SWIFT_EMIT_LOC_STRINGS = YES;
				SWIFT_VERSION = 5.0;
				TARGETED_DEVICE_FAMILY = "1,2";
			};
			name = Debug;
		};
		14CCD3AE2BF2417D009DC57F /* Release */ = {
			isa = XCBuildConfiguration;
			buildSettings = {
				ASSETCATALOG_COMPILER_APPICON_NAME = AppIcon;
				ASSETCATALOG_COMPILER_GLOBAL_ACCENT_COLOR_NAME = AccentColor;
				CODE_SIGN_STYLE = Automatic;
				CURRENT_PROJECT_VERSION = 1;
				DEVELOPMENT_TEAM = 7P3G4Y9CSP;
				GENERATE_INFOPLIST_FILE = YES;
				INFOPLIST_FILE = BornLogic/Info.plist;
				INFOPLIST_KEY_CFBundleDisplayName = BornLogic;
				INFOPLIST_KEY_UIApplicationSupportsIndirectInputEvents = YES;
				INFOPLIST_KEY_UILaunchStoryboardName = LaunchScreen;
				INFOPLIST_KEY_UISupportedInterfaceOrientations_iPad = "UIInterfaceOrientationPortrait UIInterfaceOrientationPortraitUpsideDown UIInterfaceOrientationLandscapeLeft UIInterfaceOrientationLandscapeRight";
				INFOPLIST_KEY_UISupportedInterfaceOrientations_iPhone = "UIInterfaceOrientationPortrait UIInterfaceOrientationLandscapeLeft UIInterfaceOrientationLandscapeRight";
				LD_RUNPATH_SEARCH_PATHS = (
					"$(inherited)",
					"@executable_path/Frameworks",
				);
				MARKETING_VERSION = 1.0;
				PRODUCT_BUNDLE_IDENTIFIER = MarceloDeAraujoBornLogic;
				PRODUCT_NAME = "$(TARGET_NAME)";
				SWIFT_EMIT_LOC_STRINGS = YES;
				SWIFT_VERSION = 5.0;
				TARGETED_DEVICE_FAMILY = "1,2";
			};
			name = Release;
		};
		14CCD3BC2BF24AC6009DC57F /* Debug */ = {
			isa = XCBuildConfiguration;
			buildSettings = {
				BUNDLE_LOADER = "$(TEST_HOST)";
				CODE_SIGN_STYLE = Automatic;
				CURRENT_PROJECT_VERSION = 1;
				DEVELOPMENT_TEAM = 7P3G4Y9CSP;
				GENERATE_INFOPLIST_FILE = YES;
				MARKETING_VERSION = 1.0;
				PRODUCT_BUNDLE_IDENTIFIER = MarceloDeAraujo.BornLogicTests;
				PRODUCT_NAME = "$(TARGET_NAME)";
				SWIFT_EMIT_LOC_STRINGS = NO;
				SWIFT_VERSION = 5.0;
				TARGETED_DEVICE_FAMILY = "1,2";
				TEST_HOST = "$(BUILT_PRODUCTS_DIR)/BornLogic.app/$(BUNDLE_EXECUTABLE_FOLDER_PATH)/BornLogic";
			};
			name = Debug;
		};
		14CCD3BD2BF24AC6009DC57F /* Release */ = {
			isa = XCBuildConfiguration;
			buildSettings = {
				BUNDLE_LOADER = "$(TEST_HOST)";
				CODE_SIGN_STYLE = Automatic;
				CURRENT_PROJECT_VERSION = 1;
				DEVELOPMENT_TEAM = 7P3G4Y9CSP;
				GENERATE_INFOPLIST_FILE = YES;
				MARKETING_VERSION = 1.0;
				PRODUCT_BUNDLE_IDENTIFIER = MarceloDeAraujo.BornLogicTests;
				PRODUCT_NAME = "$(TARGET_NAME)";
				SWIFT_EMIT_LOC_STRINGS = NO;
				SWIFT_VERSION = 5.0;
				TARGETED_DEVICE_FAMILY = "1,2";
				TEST_HOST = "$(BUILT_PRODUCTS_DIR)/BornLogic.app/$(BUNDLE_EXECUTABLE_FOLDER_PATH)/BornLogic";
			};
			name = Release;
		};
		14CCD3CB2BF24AE2009DC57F /* Debug */ = {
			isa = XCBuildConfiguration;
			buildSettings = {
				CODE_SIGN_STYLE = Automatic;
				CURRENT_PROJECT_VERSION = 1;
				DEVELOPMENT_TEAM = 7P3G4Y9CSP;
				GENERATE_INFOPLIST_FILE = YES;
				MARKETING_VERSION = 1.0;
				PRODUCT_BUNDLE_IDENTIFIER = MarceloDeAraujo.BornLogicUITests;
				PRODUCT_NAME = "$(TARGET_NAME)";
				SWIFT_EMIT_LOC_STRINGS = NO;
				SWIFT_VERSION = 5.0;
				TARGETED_DEVICE_FAMILY = "1,2";
				TEST_TARGET_NAME = BornLogic;
			};
			name = Debug;
		};
		14CCD3CC2BF24AE2009DC57F /* Release */ = {
			isa = XCBuildConfiguration;
			buildSettings = {
				CODE_SIGN_STYLE = Automatic;
				CURRENT_PROJECT_VERSION = 1;
				DEVELOPMENT_TEAM = 7P3G4Y9CSP;
				GENERATE_INFOPLIST_FILE = YES;
				MARKETING_VERSION = 1.0;
				PRODUCT_BUNDLE_IDENTIFIER = MarceloDeAraujo.BornLogicUITests;
				PRODUCT_NAME = "$(TARGET_NAME)";
				SWIFT_EMIT_LOC_STRINGS = NO;
				SWIFT_VERSION = 5.0;
				TARGETED_DEVICE_FAMILY = "1,2";
				TEST_TARGET_NAME = BornLogic;
			};
			name = Release;
		};
/* End XCBuildConfiguration section */

/* Begin XCConfigurationList section */
		14CCD3932BF2417C009DC57F /* Build configuration list for PBXProject "BornLogic" */ = {
			isa = XCConfigurationList;
			buildConfigurations = (
				14CCD3AA2BF2417D009DC57F /* Debug */,
				14CCD3AB2BF2417D009DC57F /* Release */,
			);
			defaultConfigurationIsVisible = 0;
			defaultConfigurationName = Release;
		};
		14CCD3AC2BF2417D009DC57F /* Build configuration list for PBXNativeTarget "BornLogic" */ = {
			isa = XCConfigurationList;
			buildConfigurations = (
				14CCD3AD2BF2417D009DC57F /* Debug */,
				14CCD3AE2BF2417D009DC57F /* Release */,
			);
			defaultConfigurationIsVisible = 0;
			defaultConfigurationName = Release;
		};
		14CCD3BB2BF24AC6009DC57F /* Build configuration list for PBXNativeTarget "BornLogicTests" */ = {
			isa = XCConfigurationList;
			buildConfigurations = (
				14CCD3BC2BF24AC6009DC57F /* Debug */,
				14CCD3BD2BF24AC6009DC57F /* Release */,
			);
			defaultConfigurationIsVisible = 0;
			defaultConfigurationName = Release;
		};
		14CCD3CA2BF24AE2009DC57F /* Build configuration list for PBXNativeTarget "BornLogicUITests" */ = {
			isa = XCConfigurationList;
			buildConfigurations = (
				14CCD3CB2BF24AE2009DC57F /* Debug */,
				14CCD3CC2BF24AE2009DC57F /* Release */,
			);
			defaultConfigurationIsVisible = 0;
			defaultConfigurationName = Release;
		};
/* End XCConfigurationList section */
	};
	rootObject = 14CCD3902BF2417C009DC57F /* Project object */;
}
